
Microsoft Visual Studio Solution File, Format Version 12.00
# Visual Studio Version 16
VisualStudioVersion = 16.0.30907.101
MinimumVisualStudioVersion = 10.0.40219.1
Project("{FAE04EC0-301F-11D3-BF4B-00C04F79EFBC}") = "ByteBank.SistemaInterno", "ByteBank.SistemaInterno\ByteBank.SistemaInterno.csproj", "{F42BCE95-BE28-4FFB-8317-663B4456B800}"
EndProject
Global
	GlobalSection(SolutionConfigurationPlatforms) = preSolution
		Debug|Any CPU = Debug|Any CPU
		Release|Any CPU = Release|Any CPU
	EndGlobalSection
	GlobalSection(ProjectConfigurationPlatforms) = postSolution
		{F42BCE95-BE28-4FFB-8317-663B4456B800}.Debug|Any CPU.ActiveCfg = Debug|Any CPU
		{F42BCE95-BE28-4FFB-8317-663B4456B800}.Debug|Any CPU.Build.0 = Debug|Any CPU
		{F42BCE95-BE28-4FFB-8317-663B4456B800}.Release|Any CPU.ActiveCfg = Release|Any CPU
		{F42BCE95-BE28-4FFB-8317-663B4456B800}.Release|Any CPU.Build.0 = Release|Any CPU
	EndGlobalSection
	GlobalSection(SolutionProperties) = preSolution
		HideSolutionNode = FALSE
	EndGlobalSection
	GlobalSection(ExtensibilityGlobals) = postSolution
		SolutionGuid = {315B3DC7-8607-48ED-863F-0F51ED5DC924}
	EndGlobalSection
EndGlobal
